
Microsoft Visual Studio Solution File, Format Version 12.00
# Visual Studio 15
VisualStudioVersion = 15.0.27130.2036
MinimumVisualStudioVersion = 10.0.40219.1
Project("{8BC9CEB8-8B4A-11D0-8D11-00A0C91BC942}") = "UserPreferencesExplorer", "UserPreferencesExplorer\UserPreferencesExplorer.vcxproj", "{69E20B05-83B9-444C-ADF6-6E28C9B056B0}"
	ProjectSection(ProjectDependencies) = postProject
		{21DB7E9B-DA4E-420E-A209-A4F6C339F10C} = {21DB7E9B-DA4E-420E-A209-A4F6C339F10C}
	EndProjectSection
EndProject
Project("{8BC9CEB8-8B4A-11D0-8D11-00A0C91BC942}") = "UserPreferences.Shared.Tests", "UserPreferences.Shared.Tests\UserPreferences.Shared.Tests.vcxproj", "{74BE1B66-A57A-44D1-9D92-05C1596BE7DA}"
	ProjectSection(ProjectDependencies) = postProject
		{21DB7E9B-DA4E-420E-A209-A4F6C339F10C} = {21DB7E9B-DA4E-420E-A209-A4F6C339F10C}
	EndProjectSection
EndProject
Project("{8BC9CEB8-8B4A-11D0-8D11-00A0C91BC942}") = "LibUserPreferences", "LibUserPreferences\LibUserPreferences.vcxproj", "{E8A8F157-EBAE-43E4-90AE-32A8DAC51096}"
	ProjectSection(ProjectDependencies) = postProject
		{21DB7E9B-DA4E-420E-A209-A4F6C339F10C} = {21DB7E9B-DA4E-420E-A209-A4F6C339F10C}
	EndProjectSection
EndProject
Project("{8BC9CEB8-8B4A-11D0-8D11-00A0C91BC942}") = "UserPreferences.Shared", "UserPreferences.Shared\UserPreferences.Shared.vcxproj", "{21DB7E9B-DA4E-420E-A209-A4F6C339F10C}"
EndProject
Global
	GlobalSection(SolutionConfigurationPlatforms) = preSolution
		Debug|x64 = Debug|x64
		Debug|x86 = Debug|x86
		Release|x64 = Release|x64
		Release|x86 = Release|x86
	EndGlobalSection
	GlobalSection(ProjectConfigurationPlatforms) = postSolution
		{69E20B05-83B9-444C-ADF6-6E28C9B056B0}.Debug|x64.ActiveCfg = Debug|x64
		{69E20B05-83B9-444C-ADF6-6E28C9B056B0}.Debug|x64.Build.0 = Debug|x64
		{69E20B05-83B9-444C-ADF6-6E28C9B056B0}.Debug|x86.ActiveCfg = Debug|Win32
		{69E20B05-83B9-444C-ADF6-6E28C9B056B0}.Debug|x86.Build.0 = Debug|Win32
		{69E20B05-83B9-444C-ADF6-6E28C9B056B0}.Release|x64.ActiveCfg = Release|x64
		{69E20B05-83B9-444C-ADF6-6E28C9B056B0}.Release|x64.Build.0 = Release|x64
		{69E20B05-83B9-444C-ADF6-6E28C9B056B0}.Release|x86.ActiveCfg = Release|Win32
		{69E20B05-83B9-444C-ADF6-6E28C9B056B0}.Release|x86.Build.0 = Release|Win32
		{74BE1B66-A57A-44D1-9D92-05C1596BE7DA}.Debug|x64.ActiveCfg = Debug|x64
		{74BE1B66-A57A-44D1-9D92-05C1596BE7DA}.Debug|x64.Build.0 = Debug|x64
		{74BE1B66-A57A-44D1-9D92-05C1596BE7DA}.Debug|x86.ActiveCfg = Debug|Win32
		{74BE1B66-A57A-44D1-9D92-05C1596BE7DA}.Debug|x86.Build.0 = Debug|Win32
		{74BE1B66-A57A-44D1-9D92-05C1596BE7DA}.Release|x64.ActiveCfg = Release|x64
		{74BE1B66-A57A-44D1-9D92-05C1596BE7DA}.Release|x64.Build.0 = Release|x64
		{74BE1B66-A57A-44D1-9D92-05C1596BE7DA}.Release|x86.ActiveCfg = Release|Win32
		{74BE1B66-A57A-44D1-9D92-05C1596BE7DA}.Release|x86.Build.0 = Release|Win32
		{E8A8F157-EBAE-43E4-90AE-32A8DAC51096}.Debug|x64.ActiveCfg = Debug|x64
		{E8A8F157-EBAE-43E4-90AE-32A8DAC51096}.Debug|x64.Build.0 = Debug|x64
		{E8A8F157-EBAE-43E4-90AE-32A8DAC51096}.Debug|x86.ActiveCfg = Debug|Win32
		{E8A8F157-EBAE-43E4-90AE-32A8DAC51096}.Debug|x86.Build.0 = Debug|Win32
		{E8A8F157-EBAE-43E4-90AE-32A8DAC51096}.Release|x64.ActiveCfg = Release|x64
		{E8A8F157-EBAE-43E4-90AE-32A8DAC51096}.Release|x64.Build.0 = Release|x64
		{E8A8F157-EBAE-43E4-90AE-32A8DAC51096}.Release|x86.ActiveCfg = Release|Win32
		{E8A8F157-EBAE-43E4-90AE-32A8DAC51096}.Release|x86.Build.0 = Release|Win32
		{21DB7E9B-DA4E-420E-A209-A4F6C339F10C}.Debug|x64.ActiveCfg = Debug|x64
		{21DB7E9B-DA4E-420E-A209-A4F6C339F10C}.Debug|x64.Build.0 = Debug|x64
		{21DB7E9B-DA4E-420E-A209-A4F6C339F10C}.Debug|x86.ActiveCfg = Debug|Win32
		{21DB7E9B-DA4E-420E-A209-A4F6C339F10C}.Debug|x86.Build.0 = Debug|Win32
		{21DB7E9B-DA4E-420E-A209-A4F6C339F10C}.Release|x64.ActiveCfg = Release|x64
		{21DB7E9B-DA4E-420E-A209-A4F6C339F10C}.Release|x64.Build.0 = Release|x64
		{21DB7E9B-DA4E-420E-A209-A4F6C339F10C}.Release|x86.ActiveCfg = Release|Win32
		{21DB7E9B-DA4E-420E-A209-A4F6C339F10C}.Release|x86.Build.0 = Release|Win32
	EndGlobalSection
	GlobalSection(SolutionProperties) = preSolution
		HideSolutionNode = FALSE
	EndGlobalSection
	GlobalSection(ExtensibilityGlobals) = postSolution
		SolutionGuid = {2AC63A31-3F08-4DCD-961A-9E3BD06DFE9F}
	EndGlobalSection
EndGlobal
